
Microsoft Visual Studio Solution File, Format Version 12.00
# Visual Studio Version 17
VisualStudioVersion = 17.5.33516.290
MinimumVisualStudioVersion = 10.0.40219.1
Project("{9A19103F-16F7-4668-BE54-9A1E7A4F7556}") = "SportNews.Service", "SportNews.Service\SportNews.Service.csproj", "{29D78601-7459-4476-9C9B-07AAB8A17DCC}"
EndProject
Project("{9A19103F-16F7-4668-BE54-9A1E7A4F7556}") = "SportNews.Service.DatabaseTests", "Tests\SportNews.Service.DatabaseTests\SportNews.Service.DatabaseTests.csproj", "{3FF0C0BD-6546-4DC6-A6BE-933BCB48FCFC}"
EndProject
Project("{9A19103F-16F7-4668-BE54-9A1E7A4F7556}") = "Users.Service", "Users.Service\Users.Service.csproj", "{54440F3F-2A7C-44B4-9743-A760D627EE5C}"
EndProject
Project("{FAE04EC0-301F-11D3-BF4B-00C04F79EFBC}") = "KafkaConstants", "KafkaConstants\KafkaConstants.csproj", "{00D22759-4853-448B-8D9E-1B07E2149E75}"
EndProject
Project("{FAE04EC0-301F-11D3-BF4B-00C04F79EFBC}") = "Utils", "Utils\Utils.csproj", "{E1D420F7-561E-419F-AAA3-ECE1D25DC825}"
EndProject
Global
	GlobalSection(SolutionConfigurationPlatforms) = preSolution
		Debug|Any CPU = Debug|Any CPU
		Release|Any CPU = Release|Any CPU
	EndGlobalSection
	GlobalSection(ProjectConfigurationPlatforms) = postSolution
		{29D78601-7459-4476-9C9B-07AAB8A17DCC}.Debug|Any CPU.ActiveCfg = Debug|Any CPU
		{29D78601-7459-4476-9C9B-07AAB8A17DCC}.Debug|Any CPU.Build.0 = Debug|Any CPU
		{29D78601-7459-4476-9C9B-07AAB8A17DCC}.Release|Any CPU.ActiveCfg = Release|Any CPU
		{29D78601-7459-4476-9C9B-07AAB8A17DCC}.Release|Any CPU.Build.0 = Release|Any CPU
		{3FF0C0BD-6546-4DC6-A6BE-933BCB48FCFC}.Debug|Any CPU.ActiveCfg = Debug|Any CPU
		{3FF0C0BD-6546-4DC6-A6BE-933BCB48FCFC}.Debug|Any CPU.Build.0 = Debug|Any CPU
		{3FF0C0BD-6546-4DC6-A6BE-933BCB48FCFC}.Release|Any CPU.ActiveCfg = Release|Any CPU
		{3FF0C0BD-6546-4DC6-A6BE-933BCB48FCFC}.Release|Any CPU.Build.0 = Release|Any CPU
		{54440F3F-2A7C-44B4-9743-A760D627EE5C}.Debug|Any CPU.ActiveCfg = Debug|Any CPU
		{54440F3F-2A7C-44B4-9743-A760D627EE5C}.Debug|Any CPU.Build.0 = Debug|Any CPU
		{54440F3F-2A7C-44B4-9743-A760D627EE5C}.Release|Any CPU.ActiveCfg = Release|Any CPU
		{54440F3F-2A7C-44B4-9743-A760D627EE5C}.Release|Any CPU.Build.0 = Release|Any CPU
		{00D22759-4853-448B-8D9E-1B07E2149E75}.Debug|Any CPU.ActiveCfg = Debug|Any CPU
		{00D22759-4853-448B-8D9E-1B07E2149E75}.Debug|Any CPU.Build.0 = Debug|Any CPU
		{00D22759-4853-448B-8D9E-1B07E2149E75}.Release|Any CPU.ActiveCfg = Release|Any CPU
		{00D22759-4853-448B-8D9E-1B07E2149E75}.Release|Any CPU.Build.0 = Release|Any CPU
		{E1D420F7-561E-419F-AAA3-ECE1D25DC825}.Debug|Any CPU.ActiveCfg = Debug|Any CPU
		{E1D420F7-561E-419F-AAA3-ECE1D25DC825}.Debug|Any CPU.Build.0 = Debug|Any CPU
		{E1D420F7-561E-419F-AAA3-ECE1D25DC825}.Release|Any CPU.ActiveCfg = Release|Any CPU
		{E1D420F7-561E-419F-AAA3-ECE1D25DC825}.Release|Any CPU.Build.0 = Release|Any CPU
	EndGlobalSection
	GlobalSection(SolutionProperties) = preSolution
		HideSolutionNode = FALSE
	EndGlobalSection
	GlobalSection(ExtensibilityGlobals) = postSolution
		SolutionGuid = {AC069E48-3D18-4257-9F46-4BE31959CC92}
	EndGlobalSection
EndGlobal
