
Microsoft Visual Studio Solution File, Format Version 12.00
# Visual Studio Version 17
VisualStudioVersion = 17.5.33516.290
MinimumVisualStudioVersion = 10.0.40219.1
Project("{9A19103F-16F7-4668-BE54-9A1E7A4F7556}") = "SportNews.Service", "SportNews.Service\SportNews.Service.csproj", "{29D78601-7459-4476-9C9B-07AAB8A17DCC}"
EndProject
Project("{9A19103F-16F7-4668-BE54-9A1E7A4F7556}") = "SportNews.Service.DatabaseTests", "Tests\SportNews.Service.DatabaseTests\SportNews.Service.DatabaseTests.csproj", "{3FF0C0BD-6546-4DC6-A6BE-933BCB48FCFC}"
EndProject
Project("{FAE04EC0-301F-11D3-BF4B-00C04F79EFBC}") = "SportNews.Service.UnitTests", "Tests\SportNews.Service.UnitTests\SportNews.Service.UnitTests.csproj", "{165D2705-94FF-4FF9-86F1-0C16AF58B69E}"
EndProject
Global
	GlobalSection(SolutionConfigurationPlatforms) = preSolution
		Debug|Any CPU = Debug|Any CPU
		Release|Any CPU = Release|Any CPU
	EndGlobalSection
	GlobalSection(ProjectConfigurationPlatforms) = postSolution
		{29D78601-7459-4476-9C9B-07AAB8A17DCC}.Debug|Any CPU.ActiveCfg = Debug|Any CPU
		{29D78601-7459-4476-9C9B-07AAB8A17DCC}.Debug|Any CPU.Build.0 = Debug|Any CPU
		{29D78601-7459-4476-9C9B-07AAB8A17DCC}.Release|Any CPU.ActiveCfg = Release|Any CPU
		{29D78601-7459-4476-9C9B-07AAB8A17DCC}.Release|Any CPU.Build.0 = Release|Any CPU
		{3FF0C0BD-6546-4DC6-A6BE-933BCB48FCFC}.Debug|Any CPU.ActiveCfg = Debug|Any CPU
		{3FF0C0BD-6546-4DC6-A6BE-933BCB48FCFC}.Debug|Any CPU.Build.0 = Debug|Any CPU
		{3FF0C0BD-6546-4DC6-A6BE-933BCB48FCFC}.Release|Any CPU.ActiveCfg = Release|Any CPU
		{3FF0C0BD-6546-4DC6-A6BE-933BCB48FCFC}.Release|Any CPU.Build.0 = Release|Any CPU
		{165D2705-94FF-4FF9-86F1-0C16AF58B69E}.Debug|Any CPU.ActiveCfg = Debug|Any CPU
		{165D2705-94FF-4FF9-86F1-0C16AF58B69E}.Debug|Any CPU.Build.0 = Debug|Any CPU
		{165D2705-94FF-4FF9-86F1-0C16AF58B69E}.Release|Any CPU.ActiveCfg = Release|Any CPU
		{165D2705-94FF-4FF9-86F1-0C16AF58B69E}.Release|Any CPU.Build.0 = Release|Any CPU
	EndGlobalSection
	GlobalSection(SolutionProperties) = preSolution
		HideSolutionNode = FALSE
	EndGlobalSection
	GlobalSection(ExtensibilityGlobals) = postSolution
		SolutionGuid = {AC069E48-3D18-4257-9F46-4BE31959CC92}
	EndGlobalSection
EndGlobal
